{
  "name": "han",
  "lockfileVersion": 3,
  "requires": true,
  "packages": {
    "": {
      "devDependencies": {
        "relay-compiler": "^19.0.0"
      }
    },
    "node_modules/relay-compiler": {
      "version": "19.0.0",
      "dev": true,
      "license": "MIT",
      "bin": {
        "relay-compiler": "cli.js"
      }
    }
  }
}
